// !$*UTF8*$!
{
	archiveVersion = 1;
	classes = {
	};
	objectVersion = 46;
	objects = {

/* Begin PBXBuildFile section */
		5AD191C81AFD41C500A9B75C /* PushKit.framework in Frameworks */ = {isa = PBXBuildFile; fileRef = 5AD191C71AFD41C500A9B75C /* PushKit.framework */; };
		5AFEDBDB1AFA9882004D9990 /* AppDelegate.swift in Sources */ = {isa = PBXBuildFile; fileRef = 5AFEDBDA1AFA9882004D9990 /* AppDelegate.swift */; };
		5AFEDBDE1AFA9882004D9990 /* Trabalho.xcdatamodeld in Sources */ = {isa = PBXBuildFile; fileRef = 5AFEDBDC1AFA9882004D9990 /* Trabalho.xcdatamodeld */; };
		5AFEDBE01AFA9882004D9990 /* LoginViewController.swift in Sources */ = {isa = PBXBuildFile; fileRef = 5AFEDBDF1AFA9882004D9990 /* LoginViewController.swift */; };
		5AFEDBE31AFA9882004D9990 /* Main.storyboard in Resources */ = {isa = PBXBuildFile; fileRef = 5AFEDBE11AFA9882004D9990 /* Main.storyboard */; };
		5AFEDBE51AFA9882004D9990 /* Images.xcassets in Resources */ = {isa = PBXBuildFile; fileRef = 5AFEDBE41AFA9882004D9990 /* Images.xcassets */; };
		5AFEDBE81AFA9882004D9990 /* LaunchScreen.xib in Resources */ = {isa = PBXBuildFile; fileRef = 5AFEDBE61AFA9882004D9990 /* LaunchScreen.xib */; };
		5AFEDC031AFA9CAC004D9990 /* Bolts.framework in Frameworks */ = {isa = PBXBuildFile; fileRef = 5AFEDBFD1AFA9CAC004D9990 /* Bolts.framework */; };
		5AFEDC041AFA9CAC004D9990 /* Parse.framework in Frameworks */ = {isa = PBXBuildFile; fileRef = 5AFEDBFE1AFA9CAC004D9990 /* Parse.framework */; };
		5AFEDC051AFA9CAC004D9990 /* ParseCrashReporting.framework in Frameworks */ = {isa = PBXBuildFile; fileRef = 5AFEDBFF1AFA9CAC004D9990 /* ParseCrashReporting.framework */; };
		5AFEDC061AFA9CAC004D9990 /* ParseFacebookUtils.framework in Frameworks */ = {isa = PBXBuildFile; fileRef = 5AFEDC001AFA9CAC004D9990 /* ParseFacebookUtils.framework */; };
		5AFEDC071AFA9CAC004D9990 /* ParseFacebookUtilsV4.framework in Frameworks */ = {isa = PBXBuildFile; fileRef = 5AFEDC011AFA9CAC004D9990 /* ParseFacebookUtilsV4.framework */; };
		5AFEDC081AFA9CAC004D9990 /* ParseUI.framework in Frameworks */ = {isa = PBXBuildFile; fileRef = 5AFEDC021AFA9CAC004D9990 /* ParseUI.framework */; };
		5AFEDC0A1AFA9CEE004D9990 /* libz.dylib in Frameworks */ = {isa = PBXBuildFile; fileRef = 5AFEDC091AFA9CEE004D9990 /* libz.dylib */; };
		5AFEDC0C1AFA9CF5004D9990 /* libsqlite3.dylib in Frameworks */ = {isa = PBXBuildFile; fileRef = 5AFEDC0B1AFA9CF5004D9990 /* libsqlite3.dylib */; };
		5AFEDC0E1AFA9CFC004D9990 /* CoreLocation.framework in Frameworks */ = {isa = PBXBuildFile; fileRef = 5AFEDC0D1AFA9CFC004D9990 /* CoreLocation.framework */; };
		5AFEDC101AFA9D04004D9990 /* CFNetwork.framework in Frameworks */ = {isa = PBXBuildFile; fileRef = 5AFEDC0F1AFA9D04004D9990 /* CFNetwork.framework */; };
		5AFEDC121AFA9D0A004D9990 /* StoreKit.framework in Frameworks */ = {isa = PBXBuildFile; fileRef = 5AFEDC111AFA9D0A004D9990 /* StoreKit.framework */; };
		5AFEDC141AFA9D41004D9990 /* SystemConfiguration.framework in Frameworks */ = {isa = PBXBuildFile; fileRef = 5AFEDC131AFA9D41004D9990 /* SystemConfiguration.framework */; };
		5AFEDC161AFA9D49004D9990 /* Security.framework in Frameworks */ = {isa = PBXBuildFile; fileRef = 5AFEDC151AFA9D49004D9990 /* Security.framework */; };
		5AFEDC181AFA9D5F004D9990 /* QuartzCore.framework in Frameworks */ = {isa = PBXBuildFile; fileRef = 5AFEDC171AFA9D5F004D9990 /* QuartzCore.framework */; };
		5AFEDC1A1AFA9D67004D9990 /* MobileCoreServices.framework in Frameworks */ = {isa = PBXBuildFile; fileRef = 5AFEDC191AFA9D67004D9990 /* MobileCoreServices.framework */; };
		5AFEDC1C1AFA9D73004D9990 /* CoreGraphics.framework in Frameworks */ = {isa = PBXBuildFile; fileRef = 5AFEDC1B1AFA9D73004D9990 /* CoreGraphics.framework */; };
		5AFEDC1E1AFA9D89004D9990 /* AudioToolbox.framework in Frameworks */ = {isa = PBXBuildFile; fileRef = 5AFEDC1D1AFA9D89004D9990 /* AudioToolbox.framework */; };
		5AFEDC211AFAA7AF004D9990 /* RegisterViewController.swift in Sources */ = {isa = PBXBuildFile; fileRef = 5AFEDC201AFAA7AF004D9990 /* RegisterViewController.swift */; };
		71BDA9791AFBE421004DF152 /* BeaconFinderViewController.swift in Sources */ = {isa = PBXBuildFile; fileRef = 71BDA9781AFBE421004DF152 /* BeaconFinderViewController.swift */; };
		71BDA97F1AFBE6E8004DF152 /* LoginStorage.swift in Sources */ = {isa = PBXBuildFile; fileRef = 71BDA97E1AFBE6E8004DF152 /* LoginStorage.swift */; };
		71BDA9861AFBEC1D004DF152 /* RegisterStorage.swift in Sources */ = {isa = PBXBuildFile; fileRef = 71BDA9851AFBEC1D004DF152 /* RegisterStorage.swift */; };
		71F159171AFD305600586EDF /* Beacon.swift in Sources */ = {isa = PBXBuildFile; fileRef = 71F159161AFD305600586EDF /* Beacon.swift */; };
		71F1591D1AFD402200586EDF /* BeaconStorage.swift in Sources */ = {isa = PBXBuildFile; fileRef = 71F1591C1AFD402200586EDF /* BeaconStorage.swift */; };
/* End PBXBuildFile section */

/* Begin PBXFileReference section */
		5AD191C71AFD41C500A9B75C /* PushKit.framework */ = {isa = PBXFileReference; lastKnownFileType = wrapper.framework; name = PushKit.framework; path = System/Library/Frameworks/PushKit.framework; sourceTree = SDKROOT; };
		5AFEDBD51AFA9882004D9990 /* Trabalho.app */ = {isa = PBXFileReference; explicitFileType = wrapper.application; includeInIndex = 0; path = Trabalho.app; sourceTree = BUILT_PRODUCTS_DIR; };
		5AFEDBD91AFA9882004D9990 /* Info.plist */ = {isa = PBXFileReference; lastKnownFileType = text.plist.xml; path = Info.plist; sourceTree = "<group>"; };
		5AFEDBDA1AFA9882004D9990 /* AppDelegate.swift */ = {isa = PBXFileReference; lastKnownFileType = sourcecode.swift; path = AppDelegate.swift; sourceTree = "<group>"; };
		5AFEDBDD1AFA9882004D9990 /* Trabalho.xcdatamodel */ = {isa = PBXFileReference; lastKnownFileType = wrapper.xcdatamodel; path = Trabalho.xcdatamodel; sourceTree = "<group>"; };
		5AFEDBDF1AFA9882004D9990 /* LoginViewController.swift */ = {isa = PBXFileReference; lastKnownFileType = sourcecode.swift; path = LoginViewController.swift; sourceTree = "<group>"; };
		5AFEDBE21AFA9882004D9990 /* Base */ = {isa = PBXFileReference; lastKnownFileType = file.storyboard; name = Base; path = Base.lproj/Main.storyboard; sourceTree = "<group>"; };
		5AFEDBE41AFA9882004D9990 /* Images.xcassets */ = {isa = PBXFileReference; lastKnownFileType = folder.assetcatalog; path = Images.xcassets; sourceTree = "<group>"; };
		5AFEDBE71AFA9882004D9990 /* Base */ = {isa = PBXFileReference; lastKnownFileType = file.xib; name = Base; path = Base.lproj/LaunchScreen.xib; sourceTree = "<group>"; };
		5AFEDBF21AFA9882004D9990 /* Info.plist */ = {isa = PBXFileReference; lastKnownFileType = text.plist.xml; path = Info.plist; sourceTree = "<group>"; };
		5AFEDBFD1AFA9CAC004D9990 /* Bolts.framework */ = {isa = PBXFileReference; lastKnownFileType = wrapper.framework; path = Bolts.framework; sourceTree = "<group>"; };
		5AFEDBFE1AFA9CAC004D9990 /* Parse.framework */ = {isa = PBXFileReference; lastKnownFileType = wrapper.framework; path = Parse.framework; sourceTree = "<group>"; };
		5AFEDBFF1AFA9CAC004D9990 /* ParseCrashReporting.framework */ = {isa = PBXFileReference; lastKnownFileType = wrapper.framework; path = ParseCrashReporting.framework; sourceTree = "<group>"; };
		5AFEDC001AFA9CAC004D9990 /* ParseFacebookUtils.framework */ = {isa = PBXFileReference; lastKnownFileType = wrapper.framework; path = ParseFacebookUtils.framework; sourceTree = "<group>"; };
		5AFEDC011AFA9CAC004D9990 /* ParseFacebookUtilsV4.framework */ = {isa = PBXFileReference; lastKnownFileType = wrapper.framework; path = ParseFacebookUtilsV4.framework; sourceTree = "<group>"; };
		5AFEDC021AFA9CAC004D9990 /* ParseUI.framework */ = {isa = PBXFileReference; lastKnownFileType = wrapper.framework; path = ParseUI.framework; sourceTree = "<group>"; };
		5AFEDC091AFA9CEE004D9990 /* libz.dylib */ = {isa = PBXFileReference; lastKnownFileType = "compiled.mach-o.dylib"; name = libz.dylib; path = usr/lib/libz.dylib; sourceTree = SDKROOT; };
		5AFEDC0B1AFA9CF5004D9990 /* libsqlite3.dylib */ = {isa = PBXFileReference; lastKnownFileType = "compiled.mach-o.dylib"; name = libsqlite3.dylib; path = usr/lib/libsqlite3.dylib; sourceTree = SDKROOT; };
		5AFEDC0D1AFA9CFC004D9990 /* CoreLocation.framework */ = {isa = PBXFileReference; lastKnownFileType = wrapper.framework; name = CoreLocation.framework; path = System/Library/Frameworks/CoreLocation.framework; sourceTree = SDKROOT; };
		5AFEDC0F1AFA9D04004D9990 /* CFNetwork.framework */ = {isa = PBXFileReference; lastKnownFileType = wrapper.framework; name = CFNetwork.framework; path = System/Library/Frameworks/CFNetwork.framework; sourceTree = SDKROOT; };
		5AFEDC111AFA9D0A004D9990 /* StoreKit.framework */ = {isa = PBXFileReference; lastKnownFileType = wrapper.framework; name = StoreKit.framework; path = System/Library/Frameworks/StoreKit.framework; sourceTree = SDKROOT; };
		5AFEDC131AFA9D41004D9990 /* SystemConfiguration.framework */ = {isa = PBXFileReference; lastKnownFileType = wrapper.framework; name = SystemConfiguration.framework; path = System/Library/Frameworks/SystemConfiguration.framework; sourceTree = SDKROOT; };
		5AFEDC151AFA9D49004D9990 /* Security.framework */ = {isa = PBXFileReference; lastKnownFileType = wrapper.framework; name = Security.framework; path = System/Library/Frameworks/Security.framework; sourceTree = SDKROOT; };
		5AFEDC171AFA9D5F004D9990 /* QuartzCore.framework */ = {isa = PBXFileReference; lastKnownFileType = wrapper.framework; name = QuartzCore.framework; path = System/Library/Frameworks/QuartzCore.framework; sourceTree = SDKROOT; };
		5AFEDC191AFA9D67004D9990 /* MobileCoreServices.framework */ = {isa = PBXFileReference; lastKnownFileType = wrapper.framework; name = MobileCoreServices.framework; path = System/Library/Frameworks/MobileCoreServices.framework; sourceTree = SDKROOT; };
		5AFEDC1B1AFA9D73004D9990 /* CoreGraphics.framework */ = {isa = PBXFileReference; lastKnownFileType = wrapper.framework; name = CoreGraphics.framework; path = System/Library/Frameworks/CoreGraphics.framework; sourceTree = SDKROOT; };
		5AFEDC1D1AFA9D89004D9990 /* AudioToolbox.framework */ = {isa = PBXFileReference; lastKnownFileType = wrapper.framework; name = AudioToolbox.framework; path = System/Library/Frameworks/AudioToolbox.framework; sourceTree = SDKROOT; };
		5AFEDC201AFAA7AF004D9990 /* RegisterViewController.swift */ = {isa = PBXFileReference; fileEncoding = 4; lastKnownFileType = sourcecode.swift; path = RegisterViewController.swift; sourceTree = "<group>"; };
		71BDA9781AFBE421004DF152 /* BeaconFinderViewController.swift */ = {isa = PBXFileReference; fileEncoding = 4; lastKnownFileType = sourcecode.swift; path = BeaconFinderViewController.swift; sourceTree = "<group>"; };
		71BDA97E1AFBE6E8004DF152 /* LoginStorage.swift */ = {isa = PBXFileReference; fileEncoding = 4; lastKnownFileType = sourcecode.swift; path = LoginStorage.swift; sourceTree = "<group>"; };
		71BDA9821AFBE7DD004DF152 /* Trabalho-Bridging-Header.h */ = {isa = PBXFileReference; lastKnownFileType = sourcecode.c.h; path = "Trabalho-Bridging-Header.h"; sourceTree = "<group>"; };
		71BDA9851AFBEC1D004DF152 /* RegisterStorage.swift */ = {isa = PBXFileReference; fileEncoding = 4; lastKnownFileType = sourcecode.swift; path = RegisterStorage.swift; sourceTree = "<group>"; };
		71F159161AFD305600586EDF /* Beacon.swift */ = {isa = PBXFileReference; fileEncoding = 4; lastKnownFileType = sourcecode.swift; path = Beacon.swift; sourceTree = "<group>"; };
		71F1591C1AFD402200586EDF /* BeaconStorage.swift */ = {isa = PBXFileReference; fileEncoding = 4; lastKnownFileType = sourcecode.swift; path = BeaconStorage.swift; sourceTree = "<group>"; };
/* End PBXFileReference section */

/* Begin PBXFrameworksBuildPhase section */
		5AFEDBD21AFA9882004D9990 /* Frameworks */ = {
			isa = PBXFrameworksBuildPhase;
			buildActionMask = 2147483647;
			files = (
				5AD191C81AFD41C500A9B75C /* PushKit.framework in Frameworks */,
				5AFEDC1E1AFA9D89004D9990 /* AudioToolbox.framework in Frameworks */,
				5AFEDC101AFA9D04004D9990 /* CFNetwork.framework in Frameworks */,
				5AFEDC1C1AFA9D73004D9990 /* CoreGraphics.framework in Frameworks */,
				5AFEDC1A1AFA9D67004D9990 /* MobileCoreServices.framework in Frameworks */,
				5AFEDC181AFA9D5F004D9990 /* QuartzCore.framework in Frameworks */,
				5AFEDC161AFA9D49004D9990 /* Security.framework in Frameworks */,
				5AFEDC141AFA9D41004D9990 /* SystemConfiguration.framework in Frameworks */,
				5AFEDC121AFA9D0A004D9990 /* StoreKit.framework in Frameworks */,
				5AFEDC0E1AFA9CFC004D9990 /* CoreLocation.framework in Frameworks */,
				5AFEDC0C1AFA9CF5004D9990 /* libsqlite3.dylib in Frameworks */,
				5AFEDC0A1AFA9CEE004D9990 /* libz.dylib in Frameworks */,
				5AFEDC081AFA9CAC004D9990 /* ParseUI.framework in Frameworks */,
				5AFEDC041AFA9CAC004D9990 /* Parse.framework in Frameworks */,
				5AFEDC051AFA9CAC004D9990 /* ParseCrashReporting.framework in Frameworks */,
				5AFEDC061AFA9CAC004D9990 /* ParseFacebookUtils.framework in Frameworks */,
				5AFEDC031AFA9CAC004D9990 /* Bolts.framework in Frameworks */,
				5AFEDC071AFA9CAC004D9990 /* ParseFacebookUtilsV4.framework in Frameworks */,
			);
			runOnlyForDeploymentPostprocessing = 0;
		};
/* End PBXFrameworksBuildPhase section */

/* Begin PBXGroup section */
		5AFEDBCC1AFA9882004D9990 = {
			isa = PBXGroup;
			children = (
				5AD191C71AFD41C500A9B75C /* PushKit.framework */,
				5AFEDC1F1AFAA5B7004D9990 /* frameworks */,
				5AFEDBD71AFA9882004D9990 /* Trabalho */,
				5AFEDBF01AFA9882004D9990 /* TrabalhoTests */,
				5AFEDBD61AFA9882004D9990 /* Products */,
			);
			sourceTree = "<group>";
		};
		5AFEDBD61AFA9882004D9990 /* Products */ = {
			isa = PBXGroup;
			children = (
				5AFEDBD51AFA9882004D9990 /* Trabalho.app */,
			);
			name = Products;
			sourceTree = "<group>";
		};
		5AFEDBD71AFA9882004D9990 /* Trabalho */ = {
			isa = PBXGroup;
			children = (
				71BDA9821AFBE7DD004DF152 /* Trabalho-Bridging-Header.h */,
				5AFEDBDA1AFA9882004D9990 /* AppDelegate.swift */,
				71BDA97D1AFBE483004DF152 /* Storage */,
				71BDA97C1AFBE47E004DF152 /* View */,
				71BDA97A1AFBE46D004DF152 /* ViewController */,
				5AFEDBDC1AFA9882004D9990 /* Trabalho.xcdatamodeld */,
				5AFEDBD81AFA9882004D9990 /* Supporting Files */,
				71F159161AFD305600586EDF /* Beacon.swift */,
			);
			path = Trabalho;
			sourceTree = "<group>";
		};
		5AFEDBD81AFA9882004D9990 /* Supporting Files */ = {
			isa = PBXGroup;
			children = (
				5AFEDBD91AFA9882004D9990 /* Info.plist */,
			);
			name = "Supporting Files";
			sourceTree = "<group>";
		};
		5AFEDBF01AFA9882004D9990 /* TrabalhoTests */ = {
			isa = PBXGroup;
			children = (
				5AFEDBF11AFA9882004D9990 /* Supporting Files */,
			);
			path = TrabalhoTests;
			sourceTree = "<group>";
		};
		5AFEDBF11AFA9882004D9990 /* Supporting Files */ = {
			isa = PBXGroup;
			children = (
				5AFEDBF21AFA9882004D9990 /* Info.plist */,
			);
			name = "Supporting Files";
			sourceTree = "<group>";
		};
		5AFEDC1F1AFAA5B7004D9990 /* frameworks */ = {
			isa = PBXGroup;
			children = (
				5AFEDC1B1AFA9D73004D9990 /* CoreGraphics.framework */,
				5AFEDC191AFA9D67004D9990 /* MobileCoreServices.framework */,
				5AFEDC171AFA9D5F004D9990 /* QuartzCore.framework */,
				5AFEDC151AFA9D49004D9990 /* Security.framework */,
				5AFEDC131AFA9D41004D9990 /* SystemConfiguration.framework */,
				5AFEDC111AFA9D0A004D9990 /* StoreKit.framework */,
				5AFEDC0F1AFA9D04004D9990 /* CFNetwork.framework */,
				5AFEDC0D1AFA9CFC004D9990 /* CoreLocation.framework */,
				5AFEDC0B1AFA9CF5004D9990 /* libsqlite3.dylib */,
				5AFEDC091AFA9CEE004D9990 /* libz.dylib */,
				5AFEDBFD1AFA9CAC004D9990 /* Bolts.framework */,
				5AFEDBFE1AFA9CAC004D9990 /* Parse.framework */,
				5AFEDBFF1AFA9CAC004D9990 /* ParseCrashReporting.framework */,
				5AFEDC001AFA9CAC004D9990 /* ParseFacebookUtils.framework */,
				5AFEDC011AFA9CAC004D9990 /* ParseFacebookUtilsV4.framework */,
				5AFEDC021AFA9CAC004D9990 /* ParseUI.framework */,
				5AFEDC1D1AFA9D89004D9990 /* AudioToolbox.framework */,
			);
			name = frameworks;
			sourceTree = "<group>";
		};
		71BDA97A1AFBE46D004DF152 /* ViewController */ = {
			isa = PBXGroup;
			children = (
				5AFEDC201AFAA7AF004D9990 /* RegisterViewController.swift */,
				5AFEDBDF1AFA9882004D9990 /* LoginViewController.swift */,
				71BDA9781AFBE421004DF152 /* BeaconFinderViewController.swift */,
			);
			name = ViewController;
			sourceTree = "<group>";
		};
		71BDA97C1AFBE47E004DF152 /* View */ = {
			isa = PBXGroup;
			children = (
				5AFEDBE11AFA9882004D9990 /* Main.storyboard */,
				5AFEDBE41AFA9882004D9990 /* Images.xcassets */,
				5AFEDBE61AFA9882004D9990 /* LaunchScreen.xib */,
			);
			name = View;
			sourceTree = "<group>";
		};
		71BDA97D1AFBE483004DF152 /* Storage */ = {
			isa = PBXGroup;
			children = (
				71BDA97E1AFBE6E8004DF152 /* LoginStorage.swift */,
				71BDA9851AFBEC1D004DF152 /* RegisterStorage.swift */,
				71F1591C1AFD402200586EDF /* BeaconStorage.swift */,
			);
			name = Storage;
			sourceTree = "<group>";
		};
/* End PBXGroup section */

/* Begin PBXNativeTarget section */
		5AFEDBD41AFA9882004D9990 /* Trabalho */ = {
			isa = PBXNativeTarget;
			buildConfigurationList = 5AFEDBF71AFA9882004D9990 /* Build configuration list for PBXNativeTarget "Trabalho" */;
			buildPhases = (
				5AFEDBD11AFA9882004D9990 /* Sources */,
				5AFEDBD21AFA9882004D9990 /* Frameworks */,
				5AFEDBD31AFA9882004D9990 /* Resources */,
			);
			buildRules = (
			);
			dependencies = (
			);
			name = Trabalho;
			productName = Trabalho;
			productReference = 5AFEDBD51AFA9882004D9990 /* Trabalho.app */;
			productType = "com.apple.product-type.application";
		};
/* End PBXNativeTarget section */

/* Begin PBXProject section */
		5AFEDBCD1AFA9882004D9990 /* Project object */ = {
			isa = PBXProject;
			attributes = {
				LastUpgradeCheck = 0630;
				ORGANIZATIONNAME = ThePhodas;
				TargetAttributes = {
					5AFEDBD41AFA9882004D9990 = {
						CreatedOnToolsVersion = 6.3.1;
					};
				};
			};
			buildConfigurationList = 5AFEDBD01AFA9882004D9990 /* Build configuration list for PBXProject "Trabalho" */;
			compatibilityVersion = "Xcode 3.2";
			developmentRegion = English;
			hasScannedForEncodings = 0;
			knownRegions = (
				en,
				Base,
			);
			mainGroup = 5AFEDBCC1AFA9882004D9990;
			productRefGroup = 5AFEDBD61AFA9882004D9990 /* Products */;
			projectDirPath = "";
			projectRoot = "";
			targets = (
				5AFEDBD41AFA9882004D9990 /* Trabalho */,
			);
		};
/* End PBXProject section */

/* Begin PBXResourcesBuildPhase section */
		5AFEDBD31AFA9882004D9990 /* Resources */ = {
			isa = PBXResourcesBuildPhase;
			buildActionMask = 2147483647;
			files = (
				5AFEDBE31AFA9882004D9990 /* Main.storyboard in Resources */,
				5AFEDBE81AFA9882004D9990 /* LaunchScreen.xib in Resources */,
				5AFEDBE51AFA9882004D9990 /* Images.xcassets in Resources */,
			);
			runOnlyForDeploymentPostprocessing = 0;
		};
/* End PBXResourcesBuildPhase section */

/* Begin PBXSourcesBuildPhase section */
		5AFEDBD11AFA9882004D9990 /* Sources */ = {
			isa = PBXSourcesBuildPhase;
			buildActionMask = 2147483647;
			files = (
				5AFEDBE01AFA9882004D9990 /* LoginViewController.swift in Sources */,
				5AFEDBDE1AFA9882004D9990 /* Trabalho.xcdatamodeld in Sources */,
				71BDA9791AFBE421004DF152 /* BeaconFinderViewController.swift in Sources */,
				71BDA9861AFBEC1D004DF152 /* RegisterStorage.swift in Sources */,
				71BDA97F1AFBE6E8004DF152 /* LoginStorage.swift in Sources */,
				5AFEDBDB1AFA9882004D9990 /* AppDelegate.swift in Sources */,
				5AFEDC211AFAA7AF004D9990 /* RegisterViewController.swift in Sources */,
				71F159171AFD305600586EDF /* Beacon.swift in Sources */,
				71F1591D1AFD402200586EDF /* BeaconStorage.swift in Sources */,
			);
			runOnlyForDeploymentPostprocessing = 0;
		};
/* End PBXSourcesBuildPhase section */

/* Begin PBXVariantGroup section */
		5AFEDBE11AFA9882004D9990 /* Main.storyboard */ = {
			isa = PBXVariantGroup;
			children = (
				5AFEDBE21AFA9882004D9990 /* Base */,
			);
			name = Main.storyboard;
			sourceTree = "<group>";
		};
		5AFEDBE61AFA9882004D9990 /* LaunchScreen.xib */ = {
			isa = PBXVariantGroup;
			children = (
				5AFEDBE71AFA9882004D9990 /* Base */,
			);
			name = LaunchScreen.xib;
			sourceTree = "<group>";
		};
/* End PBXVariantGroup section */

/* Begin XCBuildConfiguration section */
		5AFEDBF51AFA9882004D9990 /* Debug */ = {
			isa = XCBuildConfiguration;
			buildSettings = {
				ALWAYS_SEARCH_USER_PATHS = NO;
				CLANG_CXX_LANGUAGE_STANDARD = "gnu++0x";
				CLANG_CXX_LIBRARY = "libc++";
				CLANG_ENABLE_MODULES = YES;
				CLANG_ENABLE_OBJC_ARC = YES;
				CLANG_WARN_BOOL_CONVERSION = YES;
				CLANG_WARN_CONSTANT_CONVERSION = YES;
				CLANG_WARN_DIRECT_OBJC_ISA_USAGE = YES_ERROR;
				CLANG_WARN_EMPTY_BODY = YES;
				CLANG_WARN_ENUM_CONVERSION = YES;
				CLANG_WARN_INT_CONVERSION = YES;
				CLANG_WARN_OBJC_ROOT_CLASS = YES_ERROR;
				CLANG_WARN_UNREACHABLE_CODE = YES;
				CLANG_WARN__DUPLICATE_METHOD_MATCH = YES;
				"CODE_SIGN_IDENTITY[sdk=iphoneos*]" = "iPhone Developer";
				COPY_PHASE_STRIP = NO;
				DEBUG_INFORMATION_FORMAT = "dwarf-with-dsym";
				ENABLE_STRICT_OBJC_MSGSEND = YES;
				GCC_C_LANGUAGE_STANDARD = gnu99;
				GCC_DYNAMIC_NO_PIC = NO;
				GCC_NO_COMMON_BLOCKS = YES;
				GCC_OPTIMIZATION_LEVEL = 0;
				GCC_PREPROCESSOR_DEFINITIONS = (
					"DEBUG=1",
					"$(inherited)",
				);
				GCC_SYMBOLS_PRIVATE_EXTERN = NO;
				GCC_WARN_64_TO_32_BIT_CONVERSION = YES;
				GCC_WARN_ABOUT_RETURN_TYPE = YES_ERROR;
				GCC_WARN_UNDECLARED_SELECTOR = YES;
				GCC_WARN_UNINITIALIZED_AUTOS = YES_AGGRESSIVE;
				GCC_WARN_UNUSED_FUNCTION = YES;
				GCC_WARN_UNUSED_VARIABLE = YES;
				IPHONEOS_DEPLOYMENT_TARGET = 8.3;
				MTL_ENABLE_DEBUG_INFO = YES;
				ONLY_ACTIVE_ARCH = YES;
				PROVISIONING_PROFILE = "9d8a6200-eb80-4eeb-a994-28b7d6b0c8b4";
				SDKROOT = iphoneos;
				SWIFT_OPTIMIZATION_LEVEL = "-Onone";
				TARGETED_DEVICE_FAMILY = "1,2";
			};
			name = Debug;
		};
		5AFEDBF61AFA9882004D9990 /* Release */ = {
			isa = XCBuildConfiguration;
			buildSettings = {
				ALWAYS_SEARCH_USER_PATHS = NO;
				CLANG_CXX_LANGUAGE_STANDARD = "gnu++0x";
				CLANG_CXX_LIBRARY = "libc++";
				CLANG_ENABLE_MODULES = YES;
				CLANG_ENABLE_OBJC_ARC = YES;
				CLANG_WARN_BOOL_CONVERSION = YES;
				CLANG_WARN_CONSTANT_CONVERSION = YES;
				CLANG_WARN_DIRECT_OBJC_ISA_USAGE = YES_ERROR;
				CLANG_WARN_EMPTY_BODY = YES;
				CLANG_WARN_ENUM_CONVERSION = YES;
				CLANG_WARN_INT_CONVERSION = YES;
				CLANG_WARN_OBJC_ROOT_CLASS = YES_ERROR;
				CLANG_WARN_UNREACHABLE_CODE = YES;
				CLANG_WARN__DUPLICATE_METHOD_MATCH = YES;
				"CODE_SIGN_IDENTITY[sdk=iphoneos*]" = "iPhone Developer";
				COPY_PHASE_STRIP = NO;
				DEBUG_INFORMATION_FORMAT = "dwarf-with-dsym";
				ENABLE_NS_ASSERTIONS = NO;
				ENABLE_STRICT_OBJC_MSGSEND = YES;
				GCC_C_LANGUAGE_STANDARD = gnu99;
				GCC_NO_COMMON_BLOCKS = YES;
				GCC_WARN_64_TO_32_BIT_CONVERSION = YES;
				GCC_WARN_ABOUT_RETURN_TYPE = YES_ERROR;
				GCC_WARN_UNDECLARED_SELECTOR = YES;
				GCC_WARN_UNINITIALIZED_AUTOS = YES_AGGRESSIVE;
				GCC_WARN_UNUSED_FUNCTION = YES;
				GCC_WARN_UNUSED_VARIABLE = YES;
				IPHONEOS_DEPLOYMENT_TARGET = 8.3;
				MTL_ENABLE_DEBUG_INFO = NO;
				PROVISIONING_PROFILE = "9d8a6200-eb80-4eeb-a994-28b7d6b0c8b4";
				SDKROOT = iphoneos;
				TARGETED_DEVICE_FAMILY = "1,2";
				VALIDATE_PRODUCT = YES;
			};
			name = Release;
		};
		5AFEDBF81AFA9882004D9990 /* Debug */ = {
			isa = XCBuildConfiguration;
			buildSettings = {
				ASSETCATALOG_COMPILER_APPICON_NAME = AppIcon;
				CLANG_ENABLE_MODULES = YES;
				CODE_SIGN_IDENTITY = "iPhone Developer";
				"CODE_SIGN_IDENTITY[sdk=iphoneos*]" = "iPhone Developer";
				FRAMEWORK_SEARCH_PATHS = (
					"$(inherited)",
					"$(PROJECT_DIR)",
				);
				INFOPLIST_FILE = Trabalho/Info.plist;
				LD_RUNPATH_SEARCH_PATHS = "$(inherited) @executable_path/Frameworks";
				PRODUCT_NAME = "$(TARGET_NAME)";
				PROVISIONING_PROFILE = "9d8a6200-eb80-4eeb-a994-28b7d6b0c8b4";
				SWIFT_OBJC_BRIDGING_HEADER = "Trabalho/Trabalho-Bridging-Header.h";
				SWIFT_OPTIMIZATION_LEVEL = "-Onone";
			};
			name = Debug;
		};
		5AFEDBF91AFA9882004D9990 /* Release */ = {
			isa = XCBuildConfiguration;
			buildSettings = {
				ASSETCATALOG_COMPILER_APPICON_NAME = AppIcon;
				CLANG_ENABLE_MODULES = YES;
				CODE_SIGN_IDENTITY = "iPhone Developer";
				"CODE_SIGN_IDENTITY[sdk=iphoneos*]" = "iPhone Developer";
				FRAMEWORK_SEARCH_PATHS = (
					"$(inherited)",
					"$(PROJECT_DIR)",
				);
				INFOPLIST_FILE = Trabalho/Info.plist;
				LD_RUNPATH_SEARCH_PATHS = "$(inherited) @executable_path/Frameworks";
				PRODUCT_NAME = "$(TARGET_NAME)";
				PROVISIONING_PROFILE = "9d8a6200-eb80-4eeb-a994-28b7d6b0c8b4";
				SWIFT_OBJC_BRIDGING_HEADER = "Trabalho/Trabalho-Bridging-Header.h";
			};
			name = Release;
		};
/* End XCBuildConfiguration section */

/* Begin XCConfigurationList section */
		5AFEDBD01AFA9882004D9990 /* Build configuration list for PBXProject "Trabalho" */ = {
			isa = XCConfigurationList;
			buildConfigurations = (
				5AFEDBF51AFA9882004D9990 /* Debug */,
				5AFEDBF61AFA9882004D9990 /* Release */,
			);
			defaultConfigurationIsVisible = 0;
			defaultConfigurationName = Release;
		};
		5AFEDBF71AFA9882004D9990 /* Build configuration list for PBXNativeTarget "Trabalho" */ = {
			isa = XCConfigurationList;
			buildConfigurations = (
				5AFEDBF81AFA9882004D9990 /* Debug */,
				5AFEDBF91AFA9882004D9990 /* Release */,
			);
			defaultConfigurationIsVisible = 0;
			defaultConfigurationName = Release;
		};
/* End XCConfigurationList section */

/* Begin XCVersionGroup section */
		5AFEDBDC1AFA9882004D9990 /* Trabalho.xcdatamodeld */ = {
			isa = XCVersionGroup;
			children = (
				5AFEDBDD1AFA9882004D9990 /* Trabalho.xcdatamodel */,
			);
			currentVersion = 5AFEDBDD1AFA9882004D9990 /* Trabalho.xcdatamodel */;
			path = Trabalho.xcdatamodeld;
			sourceTree = "<group>";
			versionGroupType = wrapper.xcdatamodel;
		};
/* End XCVersionGroup section */
	};
	rootObject = 5AFEDBCD1AFA9882004D9990 /* Project object */;
}
